<?xml version="1.0" encoding="utf-8"?>
<Project ToolsVersion="4.0" xmlns="http://schemas.microsoft.com/developer/msbuild/2003">
  <ItemGroup>
    <Filter Include="File di origine">
      <UniqueIdentifier>{4FC737F1-C7A5-4376-A066-2A32D752A2FF}</UniqueIdentifier>
      <Extensions>cpp;c;cc;cxx;c++;cppm;ixx;def;odl;idl;hpj;bat;asm;asmx</Extensions>
    </Filter>
    <Filter Include="File di intestazione">
      <UniqueIdentifier>{93995380-89BD-4b04-88EB-625FBE52EBFB}</UniqueIdentifier>
      <Extensions>h;hh;hpp;hxx;h++;hm;inl;inc;ipp;xsd</Extensions>
    </Filter>
    <Filter Include="File di risorse">
      <UniqueIdentifier>{67DA6AB6-F800-4c08-8B7A-83BB121AAD01}</UniqueIdentifier>
      <Extensions>rc;ico;cur;bmp;dlg;rc2;rct;bin;rgs;gif;jpg;jpeg;jpe;resx;tiff;tif;png;wav;mfcribbon-ms</Extensions>
    </Filter>
    <Filter Include="Utilità">
      <UniqueIdentifier>{a86e413c-8c83-4fad-a21f-d17a0b7d203c}</UniqueIdentifier>
    </Filter>
    <Filter Include="Math">
      <UniqueIdentifier>{91265bd9-50a3-408f-9b6f-7f1f3df88876}</UniqueIdentifier>
    </Filter>
  </ItemGroup>
  <ItemGroup>
    <ClInclude Include="pch.h">
      <Filter>File di intestazione</Filter>
    </ClInclude>
    <ClInclude Include="HeaderCPP.h">
      <Filter>File di intestazione</Filter>
    </ClInclude>
    <ClInclude Include="FrameWork.h">
      <Filter>File di intestazione</Filter>
    </ClInclude>
    <ClInclude Include="ApplicazioneWindows.h">
      <Filter>File di intestazione</Filter>
    </ClInclude>
    <ClInclude Include="String.h">
      <Filter>File di intestazione</Filter>
    </ClInclude>
    <ClInclude Include="SystemMessageBox.h">
      <Filter>File di intestazione</Filter>
    </ClInclude>
    <ClInclude Include="Window.h">
      <Filter>File di intestazione</Filter>
    </ClInclude>
    <ClInclude Include="WinExports.h">
      <Filter>File di intestazione</Filter>
    </ClInclude>
    <ClInclude Include="Icon.h">
      <Filter>File di intestazione</Filter>
    </ClInclude>
    <ClInclude Include="Cursor.h">
      <Filter>File di intestazione</Filter>
    </ClInclude>
    <ClInclude Include="StylesOperations.h">
      <Filter>File di intestazione</Filter>
    </ClInclude>
    <ClInclude Include="WinUndefinitions.h">
      <Filter>File di intestazione</Filter>
    </ClInclude>
    <ClInclude Include="DeviceContext.h">
      <Filter>File di intestazione</Filter>
    </ClInclude>
    <ClInclude Include="Brush.h">
      <Filter>File di intestazione</Filter>
    </ClInclude>
    <ClInclude Include="WinPoint.h">
      <Filter>File di intestazione</Filter>
    </ClInclude>
    <ClInclude Include="Rectangle.h">
      <Filter>Math</Filter>
    </ClInclude>
    <ClInclude Include="Point.h">
      <Filter>Math</Filter>
    </ClInclude>
    <ClInclude Include="WinRectangle.h">
      <Filter>File di intestazione</Filter>
    </ClInclude>
    <ClInclude Include="Size.h">
      <Filter>Math</Filter>
    </ClInclude>
    <ClInclude Include="WinSize.h">
      <Filter>File di intestazione</Filter>
    </ClInclude>
    <ClInclude Include="TextMetrics.h">
      <Filter>File di intestazione</Filter>
    </ClInclude>
    <ClInclude Include="WinRange.h">
      <Filter>File di intestazione</Filter>
    </ClInclude>
    <ClInclude Include="FrameWorkDeclarations.h">
      <Filter>File di intestazione</Filter>
    </ClInclude>
  </ItemGroup>
  <ItemGroup>
    <ClCompile Include="dllmain.cpp">
      <Filter>File di origine</Filter>
    </ClCompile>
    <ClCompile Include="pch.cpp">
      <Filter>File di origine</Filter>
    </ClCompile>
    <ClCompile Include="ApplicazioneWindows.cpp">
      <Filter>File di origine</Filter>
    </ClCompile>
    <ClCompile Include="String.cpp">
      <Filter>File di origine</Filter>
    </ClCompile>
    <ClCompile Include="SystemMessageBox.cpp">
      <Filter>File di origine</Filter>
    </ClCompile>
    <ClCompile Include="Window.cpp">
      <Filter>File di origine</Filter>
    </ClCompile>
    <ClCompile Include="Icon.cpp">
      <Filter>File di origine</Filter>
    </ClCompile>
    <ClCompile Include="Cursor.cpp">
      <Filter>File di origine</Filter>
    </ClCompile>
    <ClCompile Include="DeviceContext.cpp">
      <Filter>File di origine</Filter>
    </ClCompile>
    <ClCompile Include="Brush.cpp">
      <Filter>File di origine</Filter>
    </ClCompile>
    <ClCompile Include="WinPoint.cpp">
      <Filter>File di origine</Filter>
    </ClCompile>
    <ClCompile Include="WinRectangle.cpp">
      <Filter>File di origine</Filter>
    </ClCompile>
    <ClCompile Include="WinSize.cpp">
      <Filter>File di origine</Filter>
    </ClCompile>
    <ClCompile Include="TextMetrics.cpp">
      <Filter>File di origine</Filter>
    </ClCompile>
    <ClCompile Include="WinRange.cpp">
      <Filter>File di origine</Filter>
    </ClCompile>
  </ItemGroup>
  <ItemGroup>
    <Text Include="Informazioni.txt">
      <Filter>Utilità</Filter>
    </Text>
  </ItemGroup>
</Project>